
Microsoft Visual Studio Solution File, Format Version 12.00
# Visual Studio Version 17
VisualStudioVersion = 17.8.34316.72
MinimumVisualStudioVersion = 10.0.40219.1
Project("{FAE04EC0-301F-11D3-BF4B-00C04F79EFBC}") = "dev-utilities", "dev-utilities\dev-utilities.csproj", "{79B2F16F-7860-410F-8817-033206FC1071}"
EndProject
Global
	GlobalSection(SolutionConfigurationPlatforms) = preSolution
		Debug|Any CPU = Debug|Any CPU
		Release|Any CPU = Release|Any CPU
	EndGlobalSection
	GlobalSection(ProjectConfigurationPlatforms) = postSolution
		{79B2F16F-7860-410F-8817-033206FC1071}.Debug|Any CPU.ActiveCfg = Debug|Any CPU
		{79B2F16F-7860-410F-8817-033206FC1071}.Debug|Any CPU.Build.0 = Debug|Any CPU
		{79B2F16F-7860-410F-8817-033206FC1071}.Release|Any CPU.ActiveCfg = Release|Any CPU
		{79B2F16F-7860-410F-8817-033206FC1071}.Release|Any CPU.Build.0 = Release|Any CPU
	EndGlobalSection
	GlobalSection(SolutionProperties) = preSolution
		HideSolutionNode = FALSE
	EndGlobalSection
	GlobalSection(ExtensibilityGlobals) = postSolution
		SolutionGuid = {231F81E6-0314-4D7D-8828-0930CBB46506}
	EndGlobalSection
EndGlobal
